
Microsoft Visual Studio Solution File, Format Version 12.00
# Visual Studio Version 17
VisualStudioVersion = 17.9.34622.214
MinimumVisualStudioVersion = 10.0.40219.1
Project("{FAE04EC0-301F-11D3-BF4B-00C04F79EFBC}") = "GestaoRecebiveisAPI", "GestaoRecebiveisAPI\GestaoRecebiveisAPI.csproj", "{103420E3-4043-4BDD-B70F-17F909DB28CB}"
EndProject
Project("{2150E333-8FDC-42A3-9474-1A3956D46DE8}") = "2 - Application", "2 - Application", "{CD5B7B48-DD17-4C81-B4CC-3FD5B9EF03EF}"
EndProject
Project("{2150E333-8FDC-42A3-9474-1A3956D46DE8}") = "3 - Domain", "3 - Domain", "{14736552-09FA-4013-9286-7351BCC7EEA7}"
EndProject
Project("{2150E333-8FDC-42A3-9474-1A3956D46DE8}") = "4 - Infra", "4 - Infra", "{78EC9F32-8A42-4E3B-BE6E-98890CEAB37D}"
EndProject
Project("{2150E333-8FDC-42A3-9474-1A3956D46DE8}") = "5 - CrossCutting", "5 - CrossCutting", "{87E46C97-C384-4622-8889-32D7FDA9B575}"
EndProject
Project("{FAE04EC0-301F-11D3-BF4B-00C04F79EFBC}") = "GestaoRecebiveisAPI.Domain", "GestaoRecebiveisAPI.Dominio\GestaoRecebiveisAPI.Domain.csproj", "{5B52B254-9CBA-4982-9925-1EF1FC5D51ED}"
EndProject
Project("{FAE04EC0-301F-11D3-BF4B-00C04F79EFBC}") = "GestaoRecebiveisAPI.Infra", "GestaoRecebiveisAPI.Infra\GestaoRecebiveisAPI.Infra.csproj", "{07135C0B-39F5-4559-810E-8A95F4D651CF}"
EndProject
Project("{FAE04EC0-301F-11D3-BF4B-00C04F79EFBC}") = "GestaoRecebiveisAPI.CrossCutting", "GestaoRecebiveisAPI.CrossCutting\GestaoRecebiveisAPI.CrossCutting.csproj", "{9297578E-E2D7-4250-AECE-C6D72A9CCB8C}"
EndProject
Project("{2150E333-8FDC-42A3-9474-1A3956D46DE8}") = "1 - Api", "1 - Api", "{7D911783-FFCF-42D4-B806-8ADFF52FB49C}"
EndProject
Project("{FAE04EC0-301F-11D3-BF4B-00C04F79EFBC}") = "GestaoRecebiveisAPI.Application", "GestaoRecebiveisAPI.Application\GestaoRecebiveisAPI.Application.csproj", "{94551D58-B0ED-4333-9225-B9FDB407F26B}"
EndProject
Global
	GlobalSection(SolutionConfigurationPlatforms) = preSolution
		Debug|Any CPU = Debug|Any CPU
		Release|Any CPU = Release|Any CPU
	EndGlobalSection
	GlobalSection(ProjectConfigurationPlatforms) = postSolution
		{103420E3-4043-4BDD-B70F-17F909DB28CB}.Debug|Any CPU.ActiveCfg = Debug|Any CPU
		{103420E3-4043-4BDD-B70F-17F909DB28CB}.Debug|Any CPU.Build.0 = Debug|Any CPU
		{103420E3-4043-4BDD-B70F-17F909DB28CB}.Release|Any CPU.ActiveCfg = Release|Any CPU
		{103420E3-4043-4BDD-B70F-17F909DB28CB}.Release|Any CPU.Build.0 = Release|Any CPU
		{5B52B254-9CBA-4982-9925-1EF1FC5D51ED}.Debug|Any CPU.ActiveCfg = Debug|Any CPU
		{5B52B254-9CBA-4982-9925-1EF1FC5D51ED}.Debug|Any CPU.Build.0 = Debug|Any CPU
		{5B52B254-9CBA-4982-9925-1EF1FC5D51ED}.Release|Any CPU.ActiveCfg = Release|Any CPU
		{5B52B254-9CBA-4982-9925-1EF1FC5D51ED}.Release|Any CPU.Build.0 = Release|Any CPU
		{07135C0B-39F5-4559-810E-8A95F4D651CF}.Debug|Any CPU.ActiveCfg = Debug|Any CPU
		{07135C0B-39F5-4559-810E-8A95F4D651CF}.Debug|Any CPU.Build.0 = Debug|Any CPU
		{07135C0B-39F5-4559-810E-8A95F4D651CF}.Release|Any CPU.ActiveCfg = Release|Any CPU
		{07135C0B-39F5-4559-810E-8A95F4D651CF}.Release|Any CPU.Build.0 = Release|Any CPU
		{9297578E-E2D7-4250-AECE-C6D72A9CCB8C}.Debug|Any CPU.ActiveCfg = Debug|Any CPU
		{9297578E-E2D7-4250-AECE-C6D72A9CCB8C}.Debug|Any CPU.Build.0 = Debug|Any CPU
		{9297578E-E2D7-4250-AECE-C6D72A9CCB8C}.Release|Any CPU.ActiveCfg = Release|Any CPU
		{9297578E-E2D7-4250-AECE-C6D72A9CCB8C}.Release|Any CPU.Build.0 = Release|Any CPU
		{94551D58-B0ED-4333-9225-B9FDB407F26B}.Debug|Any CPU.ActiveCfg = Debug|Any CPU
		{94551D58-B0ED-4333-9225-B9FDB407F26B}.Debug|Any CPU.Build.0 = Debug|Any CPU
		{94551D58-B0ED-4333-9225-B9FDB407F26B}.Release|Any CPU.ActiveCfg = Release|Any CPU
		{94551D58-B0ED-4333-9225-B9FDB407F26B}.Release|Any CPU.Build.0 = Release|Any CPU
	EndGlobalSection
	GlobalSection(SolutionProperties) = preSolution
		HideSolutionNode = FALSE
	EndGlobalSection
	GlobalSection(NestedProjects) = preSolution
		{103420E3-4043-4BDD-B70F-17F909DB28CB} = {7D911783-FFCF-42D4-B806-8ADFF52FB49C}
		{5B52B254-9CBA-4982-9925-1EF1FC5D51ED} = {14736552-09FA-4013-9286-7351BCC7EEA7}
		{07135C0B-39F5-4559-810E-8A95F4D651CF} = {78EC9F32-8A42-4E3B-BE6E-98890CEAB37D}
		{9297578E-E2D7-4250-AECE-C6D72A9CCB8C} = {87E46C97-C384-4622-8889-32D7FDA9B575}
		{94551D58-B0ED-4333-9225-B9FDB407F26B} = {CD5B7B48-DD17-4C81-B4CC-3FD5B9EF03EF}
	EndGlobalSection
	GlobalSection(ExtensibilityGlobals) = postSolution
		SolutionGuid = {F73FB9FA-2E62-4592-AB02-E3F299C8F850}
	EndGlobalSection
EndGlobal
